
Microsoft Visual Studio Solution File, Format Version 12.00
# Visual Studio Version 17
VisualStudioVersion = 17.7.34003.232
MinimumVisualStudioVersion = 10.0.40219.1
Project("{FAE04EC0-301F-11D3-BF4B-00C04F79EFBC}") = "APIWEB", "APIWEB.csproj", "{A5AC82C4-A6B4-4DF8-ADA6-E51AE027979A}"
EndProject
Global
	GlobalSection(SolutionConfigurationPlatforms) = preSolution
		Debug|Any CPU = Debug|Any CPU
		Release|Any CPU = Release|Any CPU
	EndGlobalSection
	GlobalSection(ProjectConfigurationPlatforms) = postSolution
		{A5AC82C4-A6B4-4DF8-ADA6-E51AE027979A}.Debug|Any CPU.ActiveCfg = Debug|Any CPU
		{A5AC82C4-A6B4-4DF8-ADA6-E51AE027979A}.Debug|Any CPU.Build.0 = Debug|Any CPU
		{A5AC82C4-A6B4-4DF8-ADA6-E51AE027979A}.Release|Any CPU.ActiveCfg = Release|Any CPU
		{A5AC82C4-A6B4-4DF8-ADA6-E51AE027979A}.Release|Any CPU.Build.0 = Release|Any CPU
	EndGlobalSection
	GlobalSection(SolutionProperties) = preSolution
		HideSolutionNode = FALSE
	EndGlobalSection
	GlobalSection(ExtensibilityGlobals) = postSolution
		SolutionGuid = {4534753E-D9EC-424B-9B9D-41E08B4ACA34}
	EndGlobalSection
EndGlobal
